{
    "_readme": [
        "This file locks the dependencies of your project to a known state",
        "Read more about it at https://getcomposer.org/doc/01-basic-usage.md#installing-dependencies",
        "This file is @generated automatically"
    ],
    "content-hash": "280f3aa96784731cbc50b974b5c5b56b",
    "packages": [
        {
            "name": "meulah/framework",
            "version": "v0.2.0",
            "source": {
                "type": "git",
                "url": "https://github.com/Meulah/framework.git",
                "reference": "bbd726c9828c7f55386851a535785d7c8f6a873d"
            },
            "dist": {
                "type": "zip",
                "url": "https://api.github.com/repos/Meulah/framework/zipball/bbd726c9828c7f55386851a535785d7c8f6a873d",
                "reference": "bbd726c9828c7f55386851a535785d7c8f6a873d",
                "shasum": ""
            },
            "require": {
                "composer-runtime-api": "^2.0",
                "ext-fileinfo": "*",
                "ext-pdo": "*",
                "php": "^8.1"
            },
            "suggest": {
                "ext-pdo_mysql": "Required when using the MySQL database driver.",
                "ext-pdo_pgsql": "Required when using the PostgreSQL database driver.",
                "ext-pdo_sqlite": "Required when using the SQLite database driver."
            },
            "bin": [
                "bin/meulah"
            ],
            "type": "library",
            "autoload": {
                "psr-4": {
                    "Meulah\\": "src/"
                }
            },
            "notification-url": "https://packagist.org/downloads/",
            "license": [
                "MIT"
            ],
            "description": "A small, explicit PHP framework for conventional server-rendered applications.",
            "homepage": "https://github.com/Meulah/framework",
            "keywords": [
                "framework",
                "mvc",
                "php",
                "routing",
                "server-rendered"
            ],
            "support": {
                "issues": "https://github.com/Meulah/framework/issues",
                "security": "https://github.com/Meulah/framework/security/policy",
                "source": "https://github.com/Meulah/framework"
            },
            "time": "2026-07-24T15:40:23+00:00"
        }
    ],
    "packages-dev": [],
    "aliases": [],
    "minimum-stability": "stable",
    "stability-flags": {},
    "prefer-stable": false,
    "prefer-lowest": false,
    "platform": {
        "php": "^8.1"
    },
    "platform-dev": {},
    "plugin-api-version": "2.9.0"
}
